# This file is automatically @generated by Poetry 1.8.3 and should not be changed by hand.

[[package]]
name = "pyinjector"
version = "1.3.0"
description = "A tool/library allowing dynamic library injection into running processes"
optional = false
python-versions = ">=3.7"
files = [
    {file = "pyinjector-1.3.0-cp310-cp310-manylinux_2_12_x86_64.manylinux2010_x86_64.manylinux_2_17_x86_64.manylinux2014_x86_64.whl", hash = "sha256:75d187e86d85ee8289d6f0233f394aba65bc6b31b1972f21aa7005617617ad56"},
    {file = "pyinjector-1.3.0-cp310-cp310-musllinux_1_2_x86_64.whl", hash = "sha256:3ceac38da74068eeaba8e545541bb1b583db731745364687b5bdf05c3ca78f91"},
    {file = "pyinjector-1.3.0-cp310-cp310-win32.whl", hash = "sha256:03ffac2dd41fd16f9f953eb172a74f2c8c1168b312579b2c22cc6a69d6b0b93b"},
    {file = "pyinjector-1.3.0-cp310-cp310-win_amd64.whl", hash = "sha256:91176d54901ef21d5b6da869778a814e6a4052eb3a1410492bb442cec367cb67"},
    {file = "pyinjector-1.3.0-cp311-cp311-macosx_10_9_universal2.whl", hash = "sha256:e62b6ea0e621749a5d6aa2a7ca457a54051c886614e0cbb41a1f7d1ecbab9e6a"},
    {file = "pyinjector-1.3.0-cp311-cp311-manylinux_2_12_x86_64.manylinux2010_x86_64.manylinux_2_17_x86_64.manylinux2014_x86_64.whl", hash = "sha256:f4888a76cef03ab07697b690bc4aba453efde12f24469e17bd0b8f4f71f090af"},
    {file = "pyinjector-1.3.0-cp311-cp311-musllinux_1_2_x86_64.whl", hash = "sha256:5731d3ddf276117138b4f85d9b2c6f4bf2719be64f5a31d17a66512bb7bd1239"},
    {file = "pyinjector-1.3.0-cp311-cp311-win32.whl", hash = "sha256:7b31767b7584d2dfd12abb07f4309782b8e693a71e7719b79452dfd628a324b0"},
    {file = "pyinjector-1.3.0-cp311-cp311-win_amd64.whl", hash = "sha256:895bab287d9f218ee069f9c5265afda04c0bc7af59a974400d0e980cdb8efa06"},
    {file = "pyinjector-1.3.0-cp37-cp37m-manylinux_2_12_x86_64.manylinux2010_x86_64.manylinux_2_17_x86_64.manylinux2014_x86_64.whl", hash = "sha256:34ec2154b6a1261d3b507dcb45fe2a061a283d5f3f08d95be368b2bb216da034"},
    {file = "pyinjector-1.3.0-cp37-cp37m-musllinux_1_2_x86_64.whl", hash = "sha256:09c8e07faeb9dfe8615ec52d7bb04d22a8804d4d99299f04c4e2c90b42e875d3"},
    {file = "pyinjector-1.3.0-cp37-cp37m-win32.whl", hash = "sha256:98bbef6b869680fca5b8a5315bd9099ce9e93bf41f9e166bd0ef3b54ff731212"},
    {file = "pyinjector-1.3.0-cp37-cp37m-win_amd64.whl", hash = "sha256:5726dec8040a248ce958bedba61673669f7afe8d9d36c0c711630449a2df1f70"},
    {file = "pyinjector-1.3.0-cp38-cp38-manylinux_2_12_x86_64.manylinux2010_x86_64.manylinux_2_17_x86_64.manylinux2014_x86_64.whl", hash = "sha256:691cb1a032606a7996ef367825ecaa09ce09bedb92c4e08ae9cbdb245bb6dcec"},
    {file = "pyinjector-1.3.0-cp38-cp38-musllinux_1_2_x86_64.whl", hash = "sha256:5422f3f26fc1008868e71c917d474ce27da0810ae222cfbfe09a303c7354d984"},
    {file = "pyinjector-1.3.0-cp38-cp38-win32.whl", hash = "sha256:c75dab079c3faf0aa0fe3903606824d8fd5c45c058853fb686b90795c527e59f"},
    {file = "pyinjector-1.3.0-cp38-cp38-win_amd64.whl", hash = "sha256:e4d295a294c32aa5bc42002fdb4bac4347bc27a1cda317ac3fc90b6c40690be2"},
    {file = "pyinjector-1.3.0-cp39-cp39-manylinux_2_12_x86_64.manylinux2010_x86_64.manylinux_2_17_x86_64.manylinux2014_x86_64.whl", hash = "sha256:d7b149cef0bf4824eb42672b4e500b8f6f093f5bf6d1f533b00fb72d226b5cb9"},
    {file = "pyinjector-1.3.0-cp39-cp39-musllinux_1_2_x86_64.whl", hash = "sha256:02127b573fd08194e95175cfe46e9adc50dfb18a1282df2e8262b1e5b975fe0d"},
    {file = "pyinjector-1.3.0-cp39-cp39-win32.whl", hash = "sha256:241a2cadcc5cfe603cc9cf92b2dd445a118e270b3005d420aa267649326071f7"},
    {file = "pyinjector-1.3.0-cp39-cp39-win_amd64.whl", hash = "sha256:fc1e6d00f6d2661b6e205ef200e7b5a7246b4a3eacb61b788264e349e7d9b25b"},
    {file = "pyinjector-1.3.0.tar.gz", hash = "sha256:181b8b3b418a6d88c2e9343b3b0d1e99f98961cb68b16515bbd086ea7c4c25e3"},
]

[[package]]
name = "pyside6"
version = "6.7.2"
description = "Python bindings for the Qt cross-platform application and UI framework"
optional = false
python-versions = "<3.13,>=3.9"
files = [
    {file = "PySide6-6.7.2-cp39-abi3-macosx_11_0_universal2.whl", hash = "sha256:602debef9ec159b0db48f83b38a0e43e2dad3961f7d99f708d98620f04e9112b"},
    {file = "PySide6-6.7.2-cp39-abi3-manylinux_2_28_x86_64.whl", hash = "sha256:15e7696a09072ee977f6e6179ab1e48184953df8417bcaa83cfadf0b79747242"},
    {file = "PySide6-6.7.2-cp39-abi3-manylinux_2_31_aarch64.whl", hash = "sha256:6e0acb471535de303f56e3077aa86f53496b4de659b99ecce80520bcee508a63"},
    {file = "PySide6-6.7.2-cp39-abi3-win_amd64.whl", hash = "sha256:f73ae0de77d67f51ca3ce8207b12d3a5fa0107d3d5b6e4aeb3b53ee842b0927a"},
]

[package.dependencies]
PySide6-Addons = "6.7.2"
PySide6-Essentials = "6.7.2"
shiboken6 = "6.7.2"

[[package]]
name = "pyside6-addons"
version = "6.7.2"
description = "Python bindings for the Qt cross-platform application and UI framework (Addons)"
optional = false
python-versions = "<3.13,>=3.9"
files = [
    {file = "PySide6_Addons-6.7.2-cp39-abi3-macosx_11_0_universal2.whl", hash = "sha256:90b995efce61058d995c603ea480a9a3054fe8206739dcbc273fc3b53d40650f"},
    {file = "PySide6_Addons-6.7.2-cp39-abi3-manylinux_2_28_x86_64.whl", hash = "sha256:94b9bf6a2a4a7ac671e1776633e50d51326c86f4184f1c6e556f4dd5498fd52a"},
    {file = "PySide6_Addons-6.7.2-cp39-abi3-manylinux_2_31_aarch64.whl", hash = "sha256:22979b1aa09d9cf1d7a86c8a9aa0cb4791d6bd1cc94f96c5b6780c5ef8a9e34e"},
    {file = "PySide6_Addons-6.7.2-cp39-abi3-win_amd64.whl", hash = "sha256:ebf549eb25998665d8e4ec24014fbbd37bebc5ecdcb050b34db1e1c03e1bf81d"},
]

[package.dependencies]
PySide6-Essentials = "6.7.2"
shiboken6 = "6.7.2"

[[package]]
name = "pyside6-essentials"
version = "6.7.2"
description = "Python bindings for the Qt cross-platform application and UI framework (Essentials)"
optional = false
python-versions = "<3.13,>=3.9"
files = [
    {file = "PySide6_Essentials-6.7.2-cp39-abi3-macosx_11_0_universal2.whl", hash = "sha256:4d13666e796ec140ecfb432c4f3d7baef6dfafc11929985a83b22c0025532fb7"},
    {file = "PySide6_Essentials-6.7.2-cp39-abi3-manylinux_2_28_x86_64.whl", hash = "sha256:a1a4c09f1e916b9cfe53151fe4a503a6acb1f6621ba28204d1bfe636f80d6780"},
    {file = "PySide6_Essentials-6.7.2-cp39-abi3-manylinux_2_31_aarch64.whl", hash = "sha256:9135513e1c4c6e2fbb1e4f9afcb3d42e54708b0d9ed870cb3213ea4874cafa1e"},
    {file = "PySide6_Essentials-6.7.2-cp39-abi3-win_amd64.whl", hash = "sha256:0111d5fa8cf826de3ca9d82fed54726cce116d57f454f88a6467578652032d69"},
]

[package.dependencies]
shiboken6 = "6.7.2"

[[package]]
name = "shiboken6"
version = "6.7.2"
description = "Python/C++ bindings helper module"
optional = false
python-versions = "<3.13,>=3.9"
files = [
    {file = "shiboken6-6.7.2-cp39-abi3-macosx_11_0_universal2.whl", hash = "sha256:50c33ac6317b673a1eb97a9abaafccb162c4ba0c9ca658a8e449c49a8aadc379"},
    {file = "shiboken6-6.7.2-cp39-abi3-manylinux_2_28_x86_64.whl", hash = "sha256:70e80737b27cd5d83504b373013b55e70462bd4a27217d919ff9a83958731990"},
    {file = "shiboken6-6.7.2-cp39-abi3-manylinux_2_31_aarch64.whl", hash = "sha256:98bedf9a15f1d8ba1af3e4d1e7527f7946ce36da541e08074fd9dc9ab5ff1adf"},
    {file = "shiboken6-6.7.2-cp39-abi3-win_amd64.whl", hash = "sha256:9024e6afb2af1568ebfc8a5d07e4ff6c8829f40923eeb28901f535463e2b6b65"},
]

[metadata]
lock-version = "2.0"
python-versions = ">=3.10, <3.13"
content-hash = "ec6b22ea9f017b4cbe53463e04d5331ff623a0f4f4e5db9847720a41b45b853f"
